
Microsoft Visual Studio Solution File, Format Version 12.00
# Visual Studio Version 16
VisualStudioVersion = 16.0.31205.134
MinimumVisualStudioVersion = 10.0.40219.1
Project("{9A19103F-16F7-4668-BE54-9A1E7A4F7556}") = "HospitalAPI", "HospitalAPI\HospitalAPI.csproj", "{8A0DE9EA-FA46-4588-8420-7476F878FEF3}"
EndProject
Project("{9A19103F-16F7-4668-BE54-9A1E7A4F7556}") = "HospitalAPI.DataAccess", "HospitalAPI.DataAccess\HospitalAPI.DataAccess.csproj", "{B78FBBD7-A107-4E03-A8C5-5F925107005F}"
EndProject
Project("{9A19103F-16F7-4668-BE54-9A1E7A4F7556}") = "HospitalAPI.Core", "HospitalAPI.Core\HospitalAPI.Core.csproj", "{481F15B1-E940-460F-AEBE-6143C62DEA95}"
EndProject
Global
	GlobalSection(SolutionConfigurationPlatforms) = preSolution
		Debug|Any CPU = Debug|Any CPU
		Release|Any CPU = Release|Any CPU
	EndGlobalSection
	GlobalSection(ProjectConfigurationPlatforms) = postSolution
		{8A0DE9EA-FA46-4588-8420-7476F878FEF3}.Debug|Any CPU.ActiveCfg = Debug|Any CPU
		{8A0DE9EA-FA46-4588-8420-7476F878FEF3}.Debug|Any CPU.Build.0 = Debug|Any CPU
		{8A0DE9EA-FA46-4588-8420-7476F878FEF3}.Release|Any CPU.ActiveCfg = Release|Any CPU
		{8A0DE9EA-FA46-4588-8420-7476F878FEF3}.Release|Any CPU.Build.0 = Release|Any CPU
		{B78FBBD7-A107-4E03-A8C5-5F925107005F}.Debug|Any CPU.ActiveCfg = Debug|Any CPU
		{B78FBBD7-A107-4E03-A8C5-5F925107005F}.Debug|Any CPU.Build.0 = Debug|Any CPU
		{B78FBBD7-A107-4E03-A8C5-5F925107005F}.Release|Any CPU.ActiveCfg = Release|Any CPU
		{B78FBBD7-A107-4E03-A8C5-5F925107005F}.Release|Any CPU.Build.0 = Release|Any CPU
		{481F15B1-E940-460F-AEBE-6143C62DEA95}.Debug|Any CPU.ActiveCfg = Debug|Any CPU
		{481F15B1-E940-460F-AEBE-6143C62DEA95}.Debug|Any CPU.Build.0 = Debug|Any CPU
		{481F15B1-E940-460F-AEBE-6143C62DEA95}.Release|Any CPU.ActiveCfg = Release|Any CPU
		{481F15B1-E940-460F-AEBE-6143C62DEA95}.Release|Any CPU.Build.0 = Release|Any CPU
	EndGlobalSection
	GlobalSection(SolutionProperties) = preSolution
		HideSolutionNode = FALSE
	EndGlobalSection
	GlobalSection(ExtensibilityGlobals) = postSolution
		SolutionGuid = {A3BB5DE3-0AAC-4AA1-A4B7-267CF2087600}
	EndGlobalSection
EndGlobal
